{
  "version": 4,
  "terraform_version": "1.3.6",
  "serial": 64,
  "lineage": "294c5b7f-0627-2229-1efd-8ad67729c1ed",
  "outputs": {},
  "resources": [
    {
      "mode": "managed",
      "type": "azurerm_network_interface",
      "name": "my_terraform_nic",
      "provider": "provider[\"registry.terraform.io/hashicorp/azurerm\"]",
      "instances": [
        {
          "schema_version": 0,
          "attributes": {
            "applied_dns_servers": [],
            "dns_servers": [],
            "enable_accelerated_networking": false,
            "enable_ip_forwarding": false,
            "id": "/subscriptions/62086a1d-1261-4c50-8a2d-734ed260fd8d/resourceGroups/AzureADUbuntu20_group-brief-chimp/providers/Microsoft.Network/networkInterfaces/aksNIC",
            "internal_dns_name_label": "",
            "internal_domain_name_suffix": "gpuzjfqp4gzuhbxl543zw2ovic.rx.internal.cloudapp.net",
            "ip_configuration": [
              {
                "gateway_load_balancer_frontend_ip_configuration_id": "",
                "name": "aks_nic_configuration",
                "primary": true,
                "private_ip_address": "10.0.1.4",
                "private_ip_address_allocation": "Dynamic",
                "private_ip_address_version": "IPv4",
                "public_ip_address_id": "/subscriptions/62086a1d-1261-4c50-8a2d-734ed260fd8d/resourceGroups/AzureADUbuntu20_group-brief-chimp/providers/Microsoft.Network/publicIPAddresses/aksPublicIP",
                "subnet_id": "/subscriptions/62086a1d-1261-4c50-8a2d-734ed260fd8d/resourceGroups/AzureADUbuntu20_group-brief-chimp/providers/Microsoft.Network/virtualNetworks/aksVnet/subnets/aksSubnet"
              }
            ],
            "location": "centralindia",
            "mac_address": "60-45-BD-72-FA-B8",
            "name": "aksNIC",
            "private_ip_address": "10.0.1.4",
            "private_ip_addresses": [
              "10.0.1.4"
            ],
            "resource_group_name": "AzureADUbuntu20_group-brief-chimp",
            "tags": {},
            "timeouts": null,
            "virtual_machine_id": "/subscriptions/62086a1d-1261-4c50-8a2d-734ed260fd8d/resourceGroups/AzureADUbuntu20_group-brief-chimp/providers/Microsoft.Compute/virtualMachines/aksVM"
          },
          "sensitive_attributes": [],
          "private": "eyJlMmJmYjczMC1lY2FhLTExZTYtOGY4OC0zNDM2M2JjN2M0YzAiOnsiY3JlYXRlIjoxODAwMDAwMDAwMDAwLCJkZWxldGUiOjE4MDAwMDAwMDAwMDAsInJlYWQiOjMwMDAwMDAwMDAwMCwidXBkYXRlIjoxODAwMDAwMDAwMDAwfX0=",
          "dependencies": [
            "azurerm_public_ip.my_terraform_public_ip",
            "azurerm_resource_group.rg",
            "azurerm_subnet.my_terraform_subnet",
            "azurerm_virtual_network.my_terraform_network",
            "random_pet.rg_name"
          ]
        }
      ]
    },
    {
      "mode": "managed",
      "type": "azurerm_network_interface_security_group_association",
      "name": "example",
      "provider": "provider[\"registry.terraform.io/hashicorp/azurerm\"]",
      "instances": [
        {
          "schema_version": 0,
          "attributes": {
            "id": "/subscriptions/62086a1d-1261-4c50-8a2d-734ed260fd8d/resourceGroups/AzureADUbuntu20_group-brief-chimp/providers/Microsoft.Network/networkInterfaces/aksNIC|/subscriptions/62086a1d-1261-4c50-8a2d-734ed260fd8d/resourceGroups/AzureADUbuntu20_group-brief-chimp/providers/Microsoft.Network/networkSecurityGroups/aksNetworkSecurityGroup",
            "network_interface_id": "/subscriptions/62086a1d-1261-4c50-8a2d-734ed260fd8d/resourceGroups/AzureADUbuntu20_group-brief-chimp/providers/Microsoft.Network/networkInterfaces/aksNIC",
            "network_security_group_id": "/subscriptions/62086a1d-1261-4c50-8a2d-734ed260fd8d/resourceGroups/AzureADUbuntu20_group-brief-chimp/providers/Microsoft.Network/networkSecurityGroups/aksNetworkSecurityGroup",
            "timeouts": null
          },
          "sensitive_attributes": [],
          "private": "eyJlMmJmYjczMC1lY2FhLTExZTYtOGY4OC0zNDM2M2JjN2M0YzAiOnsiY3JlYXRlIjoxODAwMDAwMDAwMDAwLCJkZWxldGUiOjE4MDAwMDAwMDAwMDAsInJlYWQiOjMwMDAwMDAwMDAwMCwidXBkYXRlIjoxODAwMDAwMDAwMDAwfX0=",
          "dependencies": [
            "azurerm_network_interface.my_terraform_nic",
            "azurerm_network_security_group.my_terraform_nsg",
            "azurerm_public_ip.my_terraform_public_ip",
            "azurerm_resource_group.rg",
            "azurerm_subnet.my_terraform_subnet",
            "azurerm_virtual_network.my_terraform_network",
            "random_pet.rg_name"
          ]
        }
      ]
    },
    {
      "mode": "managed",
      "type": "azurerm_network_security_group",
      "name": "my_terraform_nsg",
      "provider": "provider[\"registry.terraform.io/hashicorp/azurerm\"]",
      "instances": [
        {
          "schema_version": 0,
          "attributes": {
            "id": "/subscriptions/62086a1d-1261-4c50-8a2d-734ed260fd8d/resourceGroups/AzureADUbuntu20_group-brief-chimp/providers/Microsoft.Network/networkSecurityGroups/aksNetworkSecurityGroup",
            "location": "centralindia",
            "name": "aksNetworkSecurityGroup",
            "resource_group_name": "AzureADUbuntu20_group-brief-chimp",
            "security_rule": [
              {
                "access": "Allow",
                "description": "",
                "destination_address_prefix": "*",
                "destination_address_prefixes": [],
                "destination_application_security_group_ids": [],
                "destination_port_range": "22",
                "destination_port_ranges": [],
                "direction": "Inbound",
                "name": "SSH",
                "priority": 1001,
                "protocol": "Tcp",
                "source_address_prefix": "*",
                "source_address_prefixes": [],
                "source_application_security_group_ids": [],
                "source_port_range": "*",
                "source_port_ranges": []
              }
            ],
            "tags": {},
            "timeouts": null
          },
          "sensitive_attributes": [],
          "private": "eyJlMmJmYjczMC1lY2FhLTExZTYtOGY4OC0zNDM2M2JjN2M0YzAiOnsiY3JlYXRlIjoxODAwMDAwMDAwMDAwLCJkZWxldGUiOjE4MDAwMDAwMDAwMDAsInJlYWQiOjMwMDAwMDAwMDAwMCwidXBkYXRlIjoxODAwMDAwMDAwMDAwfX0=",
          "dependencies": [
            "azurerm_resource_group.rg",
            "random_pet.rg_name"
          ]
        }
      ]
    },
    {
      "mode": "managed",
      "type": "azurerm_public_ip",
      "name": "my_terraform_public_ip",
      "provider": "provider[\"registry.terraform.io/hashicorp/azurerm\"]",
      "instances": [
        {
          "schema_version": 0,
          "attributes": {
            "allocation_method": "Dynamic",
            "availability_zone": "No-Zone",
            "domain_name_label": null,
            "fqdn": null,
            "id": "/subscriptions/62086a1d-1261-4c50-8a2d-734ed260fd8d/resourceGroups/AzureADUbuntu20_group-brief-chimp/providers/Microsoft.Network/publicIPAddresses/aksPublicIP",
            "idle_timeout_in_minutes": 4,
            "ip_address": "4.188.228.193",
            "ip_tags": {},
            "ip_version": "IPv4",
            "location": "centralindia",
            "name": "aksPublicIP",
            "public_ip_prefix_id": null,
            "resource_group_name": "AzureADUbuntu20_group-brief-chimp",
            "reverse_fqdn": null,
            "sku": "Basic",
            "sku_tier": "Regional",
            "tags": {},
            "timeouts": null,
            "zones": []
          },
          "sensitive_attributes": [],
          "private": "eyJlMmJmYjczMC1lY2FhLTExZTYtOGY4OC0zNDM2M2JjN2M0YzAiOnsiY3JlYXRlIjoxODAwMDAwMDAwMDAwLCJkZWxldGUiOjE4MDAwMDAwMDAwMDAsInJlYWQiOjMwMDAwMDAwMDAwMCwidXBkYXRlIjoxODAwMDAwMDAwMDAwfX0=",
          "dependencies": [
            "azurerm_resource_group.rg",
            "random_pet.rg_name"
          ]
        }
      ]
    },
    {
      "mode": "managed",
      "type": "azurerm_resource_group",
      "name": "rg",
      "provider": "provider[\"registry.terraform.io/hashicorp/azurerm\"]",
      "instances": [
        {
          "schema_version": 0,
          "attributes": {
            "id": "/subscriptions/62086a1d-1261-4c50-8a2d-734ed260fd8d/resourceGroups/AzureADUbuntu20_group-brief-chimp",
            "location": "centralindia",
            "name": "AzureADUbuntu20_group-brief-chimp",
            "tags": {},
            "timeouts": null
          },
          "sensitive_attributes": [],
          "private": "eyJlMmJmYjczMC1lY2FhLTExZTYtOGY4OC0zNDM2M2JjN2M0YzAiOnsiY3JlYXRlIjo1NDAwMDAwMDAwMDAwLCJkZWxldGUiOjU0MDAwMDAwMDAwMDAsInJlYWQiOjMwMDAwMDAwMDAwMCwidXBkYXRlIjo1NDAwMDAwMDAwMDAwfX0=",
          "dependencies": [
            "random_pet.rg_name"
          ]
        }
      ]
    },
    {
      "mode": "managed",
      "type": "azurerm_subnet",
      "name": "my_terraform_subnet",
      "provider": "provider[\"registry.terraform.io/hashicorp/azurerm\"]",
      "instances": [
        {
          "schema_version": 0,
          "attributes": {
            "address_prefix": "10.0.1.0/24",
            "address_prefixes": [
              "10.0.1.0/24"
            ],
            "delegation": [],
            "enforce_private_link_endpoint_network_policies": false,
            "enforce_private_link_service_network_policies": false,
            "id": "/subscriptions/62086a1d-1261-4c50-8a2d-734ed260fd8d/resourceGroups/AzureADUbuntu20_group-brief-chimp/providers/Microsoft.Network/virtualNetworks/aksVnet/subnets/aksSubnet",
            "name": "aksSubnet",
            "resource_group_name": "AzureADUbuntu20_group-brief-chimp",
            "service_endpoint_policy_ids": [],
            "service_endpoints": [],
            "timeouts": null,
            "virtual_network_name": "aksVnet"
          },
          "sensitive_attributes": [],
          "private": "eyJlMmJmYjczMC1lY2FhLTExZTYtOGY4OC0zNDM2M2JjN2M0YzAiOnsiY3JlYXRlIjoxODAwMDAwMDAwMDAwLCJkZWxldGUiOjE4MDAwMDAwMDAwMDAsInJlYWQiOjMwMDAwMDAwMDAwMCwidXBkYXRlIjoxODAwMDAwMDAwMDAwfX0=",
          "dependencies": [
            "azurerm_resource_group.rg",
            "azurerm_virtual_network.my_terraform_network",
            "random_pet.rg_name"
          ]
        }
      ]
    },
    {
      "mode": "managed",
      "type": "azurerm_virtual_network",
      "name": "my_terraform_network",
      "provider": "provider[\"registry.terraform.io/hashicorp/azurerm\"]",
      "instances": [
        {
          "schema_version": 0,
          "attributes": {
            "address_space": [
              "10.0.0.0/16"
            ],
            "bgp_community": "",
            "ddos_protection_plan": [],
            "dns_servers": [],
            "flow_timeout_in_minutes": 0,
            "guid": "9694e933-f10f-43b3-86eb-ffbb9b71d542",
            "id": "/subscriptions/62086a1d-1261-4c50-8a2d-734ed260fd8d/resourceGroups/AzureADUbuntu20_group-brief-chimp/providers/Microsoft.Network/virtualNetworks/aksVnet",
            "location": "centralindia",
            "name": "aksVnet",
            "resource_group_name": "AzureADUbuntu20_group-brief-chimp",
            "subnet": [
              {
                "address_prefix": "10.0.1.0/24",
                "id": "/subscriptions/62086a1d-1261-4c50-8a2d-734ed260fd8d/resourceGroups/AzureADUbuntu20_group-brief-chimp/providers/Microsoft.Network/virtualNetworks/aksVnet/subnets/aksSubnet",
                "name": "aksSubnet",
                "security_group": ""
              }
            ],
            "tags": {},
            "timeouts": null,
            "vm_protection_enabled": false
          },
          "sensitive_attributes": [],
          "private": "eyJlMmJmYjczMC1lY2FhLTExZTYtOGY4OC0zNDM2M2JjN2M0YzAiOnsiY3JlYXRlIjoxODAwMDAwMDAwMDAwLCJkZWxldGUiOjE4MDAwMDAwMDAwMDAsInJlYWQiOjMwMDAwMDAwMDAwMCwidXBkYXRlIjoxODAwMDAwMDAwMDAwfX0=",
          "dependencies": [
            "azurerm_resource_group.rg",
            "random_pet.rg_name"
          ]
        }
      ]
    },
    {
      "mode": "managed",
      "type": "random_pet",
      "name": "rg_name",
      "provider": "provider[\"registry.terraform.io/hashicorp/random\"]",
      "instances": [
        {
          "schema_version": 0,
          "attributes": {
            "id": "AzureADUbuntu20_group-brief-chimp",
            "keepers": null,
            "length": 2,
            "prefix": "AzureADUbuntu20_group",
            "separator": "-"
          },
          "sensitive_attributes": []
        }
      ]
    }
  ],
  "check_results": null
}
